
Microsoft Visual Studio Solution File, Format Version 12.00
# Visual Studio Version 17
VisualStudioVersion = 17.2.32630.192
MinimumVisualStudioVersion = 10.0.40219.1
Project("{9A19103F-16F7-4668-BE54-9A1E7A4F7556}") = "TrackerLibrary", "TrackerLibrary\TrackerLibrary.csproj", "{F57B5294-05C6-42B1-9A6D-935DD391313D}"
EndProject
Project("{9A19103F-16F7-4668-BE54-9A1E7A4F7556}") = "TrackerUI", "TrackerUI\TrackerUI.csproj", "{4C1B18F9-735B-42D4-86B5-4E403D0070E9}"
EndProject
Global
	GlobalSection(SolutionConfigurationPlatforms) = preSolution
		Debug|Any CPU = Debug|Any CPU
		Release|Any CPU = Release|Any CPU
	EndGlobalSection
	GlobalSection(ProjectConfigurationPlatforms) = postSolution
		{F57B5294-05C6-42B1-9A6D-935DD391313D}.Debug|Any CPU.ActiveCfg = Debug|Any CPU
		{F57B5294-05C6-42B1-9A6D-935DD391313D}.Debug|Any CPU.Build.0 = Debug|Any CPU
		{F57B5294-05C6-42B1-9A6D-935DD391313D}.Release|Any CPU.ActiveCfg = Release|Any CPU
		{F57B5294-05C6-42B1-9A6D-935DD391313D}.Release|Any CPU.Build.0 = Release|Any CPU
		{4C1B18F9-735B-42D4-86B5-4E403D0070E9}.Debug|Any CPU.ActiveCfg = Debug|Any CPU
		{4C1B18F9-735B-42D4-86B5-4E403D0070E9}.Debug|Any CPU.Build.0 = Debug|Any CPU
		{4C1B18F9-735B-42D4-86B5-4E403D0070E9}.Release|Any CPU.ActiveCfg = Release|Any CPU
		{4C1B18F9-735B-42D4-86B5-4E403D0070E9}.Release|Any CPU.Build.0 = Release|Any CPU
	EndGlobalSection
	GlobalSection(SolutionProperties) = preSolution
		HideSolutionNode = FALSE
	EndGlobalSection
	GlobalSection(ExtensibilityGlobals) = postSolution
		SolutionGuid = {A51CAC14-BE3A-4E46-BB61-76245C698F4E}
	EndGlobalSection
EndGlobal
